{
  "name": "test-project",
  "version": "1.0.0",
  "lockfileVersion": 2,
  "requires": true,
  "packages": {
    "": {
      "name": "test-project",
      "version": "1.0.0"
    },
    "node_modules/axios": {
      "version": "1.6.0",
      "resolved": "https://registry.npmjs.org/axios/-/axios-1.6.0.tgz",
      "integrity": "sha512-EZ1DYihju8P2C3IpZ3T3HFomv3FQGZeAkBLFqKl3rvUrZLKWQh7dMfBXkEV7lVdT5GE6L9VE+VHkRDkOLEJw=="
    },
    "node_modules/lodash": {
      "version": "4.17.21",
      "resolved": "https://registry.npmjs.org/lodash/-/lodash-4.17.21.tgz",
      "integrity": "sha512-v2kDEe57lecTulaDIuNTPy3Ry4gLGJ6Z1O3vE1krgXZNrsQ+LFTGHVxVjcXPs17LhbZkl0dq66gbNO5l5lVA=="
    },
    "node_modules/lodahs": {
      "version": "4.17.21",
      "resolved": "https://registry.npmjs.org/lodahs/-/lodahs-4.17.21.tgz",
      "integrity": "sha512-fakehashabcdef1234567890=="
    },
    "node_modules/plain-crypto-js": {
      "version": "1.0.0",
      "resolved": "https://registry.npmjs.org/plain-crypto-js/-/plain-crypto-js-1.0.0.tgz",
      "integrity": "sha512-fakeintegrityhashvalue=="
    },
    "node_modules/express": {
      "version": "4.18.2",
      "resolved": "https://registry.npmjs.org/express/-/express-4.18.2.tgz",
      "integrity": "sha512-o4oFPTFkBjkAnHPqBfFO3EDFOJilcpPMJoFa8V42OPbTOdRSRkC7/IvT1PJnmROo/RxgKZl7GCq56l9aCHoA=="
    },
    "node_modules/some-util": {
      "version": "1.0.0",
      "resolved": "https://registry.npmjs.org/some-util/-/some-util-1.0.0.tgz",
      "integrity": "sha512-validhashABCDEFGHIJKLMNOPQRSTUVWXYZ0123456789abcdef==",
      "dependencies": {
        "plain-crypto-js": "^1.0.0"
      }
    },
    "node_modules/weird-pkg": {
      "version": "1.0.0-patch",
      "resolved": "git+https://github.com/unknown/weird-pkg.git",
      "integrity": "sha512-anotherfakehashabcdef1234=="
    },
    "node_modules/no-hash-pkg": {
      "version": "0.0.1",
      "resolved": "https://registry.npmjs.org/no-hash-pkg/-/no-hash-pkg-0.0.1.tgz"
    }
  }
}

